
Microsoft Visual Studio Solution File, Format Version 12.00
# Visual Studio Version 16
VisualStudioVersion = 16.0.31025.194
MinimumVisualStudioVersion = 10.0.40219.1
Project("{FAE04EC0-301F-11D3-BF4B-00C04F79EFBC}") = "snake_game", "snake_game\snake_game.csproj", "{0BB703FF-2669-4699-AA9F-8DF812A3F5CE}"
EndProject
Global
	GlobalSection(SolutionConfigurationPlatforms) = preSolution
		Debug|Any CPU = Debug|Any CPU
		Release|Any CPU = Release|Any CPU
	EndGlobalSection
	GlobalSection(ProjectConfigurationPlatforms) = postSolution
		{0BB703FF-2669-4699-AA9F-8DF812A3F5CE}.Debug|Any CPU.ActiveCfg = Debug|Any CPU
		{0BB703FF-2669-4699-AA9F-8DF812A3F5CE}.Debug|Any CPU.Build.0 = Debug|Any CPU
		{0BB703FF-2669-4699-AA9F-8DF812A3F5CE}.Release|Any CPU.ActiveCfg = Release|Any CPU
		{0BB703FF-2669-4699-AA9F-8DF812A3F5CE}.Release|Any CPU.Build.0 = Release|Any CPU
	EndGlobalSection
	GlobalSection(SolutionProperties) = preSolution
		HideSolutionNode = FALSE
	EndGlobalSection
	GlobalSection(ExtensibilityGlobals) = postSolution
		SolutionGuid = {44F5C26E-CAF3-491F-9A95-E03D40B45E3F}
	EndGlobalSection
EndGlobal
